
Microsoft Visual Studio Solution File, Format Version 12.00
# Visual Studio Version 17
VisualStudioVersion = 17.2.32630.192
MinimumVisualStudioVersion = 10.0.40219.1
Project("{8BC9CEB8-8B4A-11D0-8D11-00A0C91BC942}") = "ARSTD", "ARSTD\ARSTD.vcxproj", "{963EE443-32FB-412F-B7D3-38E0053704B1}"
EndProject
Project("{8BC9CEB8-8B4A-11D0-8D11-00A0C91BC942}") = "CodeSubWars", "CodeSubWars\CodeSubWars.vcxproj", "{40B1C9B2-CF73-49CB-ABE6-8CB0C40F71B7}"
	ProjectSection(ProjectDependencies) = postProject
		{963EE443-32FB-412F-B7D3-38E0053704B1} = {963EE443-32FB-412F-B7D3-38E0053704B1}
		{F1B5D19A-6279-4ABE-9A01-34CED36ECE09} = {F1B5D19A-6279-4ABE-9A01-34CED36ECE09}
	EndProjectSection
EndProject
Project("{8BC9CEB8-8B4A-11D0-8D11-00A0C91BC942}") = "solid_dll", "solid-3.5.4\VisualC6\solid_dll\solid_dll.vcxproj", "{F1B5D19A-6279-4ABE-9A01-34CED36ECE09}"
EndProject
Project("{8BC9CEB8-8B4A-11D0-8D11-00A0C91BC942}") = "complex", "solid-3.5.4\VisualC6\complex\complex.vcxproj", "{FAB42579-C88A-401C-BD95-E933EAD03648}"
EndProject
Project("{8BC9CEB8-8B4A-11D0-8D11-00A0C91BC942}") = "convex", "solid-3.5.4\VisualC6\convex\convex.vcxproj", "{FE020D4F-DF6D-4B36-8853-37CF227FB68C}"
EndProject
Project("{8BC9CEB8-8B4A-11D0-8D11-00A0C91BC942}") = "broad", "solid-3.5.4\VisualC6\broad\broad.vcxproj", "{902B3DCF-D42E-4446-B82F-C5B53B9438F2}"
EndProject
Project("{8BC9CEB8-8B4A-11D0-8D11-00A0C91BC942}") = "qhull", "solid-3.5.4\VisualC6\qhull\qhull.vcxproj", "{1B2C7EFB-82E5-4534-82C5-38123810389D}"
EndProject
Project("{2150E333-8FDC-42A3-9474-1A3956D46DE8}") = "Solid", "Solid", "{26DD59E3-8557-43EC-9C1F-8B084E444FED}"
EndProject
Global
	GlobalSection(SolutionConfigurationPlatforms) = preSolution
		Debug|x64 = Debug|x64
		Debug|x86 = Debug|x86
		Release|x64 = Release|x64
		Release|x86 = Release|x86
	EndGlobalSection
	GlobalSection(ProjectConfigurationPlatforms) = postSolution
		{963EE443-32FB-412F-B7D3-38E0053704B1}.Debug|x64.ActiveCfg = Debug|x64
		{963EE443-32FB-412F-B7D3-38E0053704B1}.Debug|x64.Build.0 = Debug|x64
		{963EE443-32FB-412F-B7D3-38E0053704B1}.Debug|x86.ActiveCfg = Debug|Win32
		{963EE443-32FB-412F-B7D3-38E0053704B1}.Debug|x86.Build.0 = Debug|Win32
		{963EE443-32FB-412F-B7D3-38E0053704B1}.Release|x64.ActiveCfg = Release|x64
		{963EE443-32FB-412F-B7D3-38E0053704B1}.Release|x64.Build.0 = Release|x64
		{963EE443-32FB-412F-B7D3-38E0053704B1}.Release|x86.ActiveCfg = Release|Win32
		{963EE443-32FB-412F-B7D3-38E0053704B1}.Release|x86.Build.0 = Release|Win32
		{40B1C9B2-CF73-49CB-ABE6-8CB0C40F71B7}.Debug|x64.ActiveCfg = Debug|x64
		{40B1C9B2-CF73-49CB-ABE6-8CB0C40F71B7}.Debug|x64.Build.0 = Debug|x64
		{40B1C9B2-CF73-49CB-ABE6-8CB0C40F71B7}.Debug|x86.ActiveCfg = Debug|Win32
		{40B1C9B2-CF73-49CB-ABE6-8CB0C40F71B7}.Debug|x86.Build.0 = Debug|Win32
		{40B1C9B2-CF73-49CB-ABE6-8CB0C40F71B7}.Release|x64.ActiveCfg = Release|x64
		{40B1C9B2-CF73-49CB-ABE6-8CB0C40F71B7}.Release|x64.Build.0 = Release|x64
		{40B1C9B2-CF73-49CB-ABE6-8CB0C40F71B7}.Release|x86.ActiveCfg = Release|Win32
		{40B1C9B2-CF73-49CB-ABE6-8CB0C40F71B7}.Release|x86.Build.0 = Release|Win32
		{F1B5D19A-6279-4ABE-9A01-34CED36ECE09}.Debug|x64.ActiveCfg = Debug|x64
		{F1B5D19A-6279-4ABE-9A01-34CED36ECE09}.Debug|x64.Build.0 = Debug|x64
		{F1B5D19A-6279-4ABE-9A01-34CED36ECE09}.Debug|x86.ActiveCfg = Debug|Win32
		{F1B5D19A-6279-4ABE-9A01-34CED36ECE09}.Debug|x86.Build.0 = Debug|Win32
		{F1B5D19A-6279-4ABE-9A01-34CED36ECE09}.Release|x64.ActiveCfg = Release|x64
		{F1B5D19A-6279-4ABE-9A01-34CED36ECE09}.Release|x64.Build.0 = Release|x64
		{F1B5D19A-6279-4ABE-9A01-34CED36ECE09}.Release|x86.ActiveCfg = Release|Win32
		{F1B5D19A-6279-4ABE-9A01-34CED36ECE09}.Release|x86.Build.0 = Release|Win32
		{FAB42579-C88A-401C-BD95-E933EAD03648}.Debug|x64.ActiveCfg = Debug|x64
		{FAB42579-C88A-401C-BD95-E933EAD03648}.Debug|x64.Build.0 = Debug|x64
		{FAB42579-C88A-401C-BD95-E933EAD03648}.Debug|x86.ActiveCfg = Debug|Win32
		{FAB42579-C88A-401C-BD95-E933EAD03648}.Debug|x86.Build.0 = Debug|Win32
		{FAB42579-C88A-401C-BD95-E933EAD03648}.Release|x64.ActiveCfg = Release|x64
		{FAB42579-C88A-401C-BD95-E933EAD03648}.Release|x64.Build.0 = Release|x64
		{FAB42579-C88A-401C-BD95-E933EAD03648}.Release|x86.ActiveCfg = Release|Win32
		{FAB42579-C88A-401C-BD95-E933EAD03648}.Release|x86.Build.0 = Release|Win32
		{FE020D4F-DF6D-4B36-8853-37CF227FB68C}.Debug|x64.ActiveCfg = Debug|x64
		{FE020D4F-DF6D-4B36-8853-37CF227FB68C}.Debug|x64.Build.0 = Debug|x64
		{FE020D4F-DF6D-4B36-8853-37CF227FB68C}.Debug|x86.ActiveCfg = Debug|Win32
		{FE020D4F-DF6D-4B36-8853-37CF227FB68C}.Debug|x86.Build.0 = Debug|Win32
		{FE020D4F-DF6D-4B36-8853-37CF227FB68C}.Release|x64.ActiveCfg = Release|x64
		{FE020D4F-DF6D-4B36-8853-37CF227FB68C}.Release|x64.Build.0 = Release|x64
		{FE020D4F-DF6D-4B36-8853-37CF227FB68C}.Release|x86.ActiveCfg = Release|Win32
		{FE020D4F-DF6D-4B36-8853-37CF227FB68C}.Release|x86.Build.0 = Release|Win32
		{902B3DCF-D42E-4446-B82F-C5B53B9438F2}.Debug|x64.ActiveCfg = Debug|x64
		{902B3DCF-D42E-4446-B82F-C5B53B9438F2}.Debug|x64.Build.0 = Debug|x64
		{902B3DCF-D42E-4446-B82F-C5B53B9438F2}.Debug|x86.ActiveCfg = Debug|Win32
		{902B3DCF-D42E-4446-B82F-C5B53B9438F2}.Debug|x86.Build.0 = Debug|Win32
		{902B3DCF-D42E-4446-B82F-C5B53B9438F2}.Release|x64.ActiveCfg = Release|x64
		{902B3DCF-D42E-4446-B82F-C5B53B9438F2}.Release|x64.Build.0 = Release|x64
		{902B3DCF-D42E-4446-B82F-C5B53B9438F2}.Release|x86.ActiveCfg = Release|Win32
		{902B3DCF-D42E-4446-B82F-C5B53B9438F2}.Release|x86.Build.0 = Release|Win32
		{1B2C7EFB-82E5-4534-82C5-38123810389D}.Debug|x64.ActiveCfg = Debug|x64
		{1B2C7EFB-82E5-4534-82C5-38123810389D}.Debug|x64.Build.0 = Debug|x64
		{1B2C7EFB-82E5-4534-82C5-38123810389D}.Debug|x86.ActiveCfg = Debug|Win32
		{1B2C7EFB-82E5-4534-82C5-38123810389D}.Debug|x86.Build.0 = Debug|Win32
		{1B2C7EFB-82E5-4534-82C5-38123810389D}.Release|x64.ActiveCfg = Release|x64
		{1B2C7EFB-82E5-4534-82C5-38123810389D}.Release|x64.Build.0 = Release|x64
		{1B2C7EFB-82E5-4534-82C5-38123810389D}.Release|x86.ActiveCfg = Release|Win32
		{1B2C7EFB-82E5-4534-82C5-38123810389D}.Release|x86.Build.0 = Release|Win32
	EndGlobalSection
	GlobalSection(SolutionProperties) = preSolution
		HideSolutionNode = FALSE
	EndGlobalSection
	GlobalSection(NestedProjects) = preSolution
		{F1B5D19A-6279-4ABE-9A01-34CED36ECE09} = {26DD59E3-8557-43EC-9C1F-8B084E444FED}
		{FAB42579-C88A-401C-BD95-E933EAD03648} = {26DD59E3-8557-43EC-9C1F-8B084E444FED}
		{FE020D4F-DF6D-4B36-8853-37CF227FB68C} = {26DD59E3-8557-43EC-9C1F-8B084E444FED}
		{902B3DCF-D42E-4446-B82F-C5B53B9438F2} = {26DD59E3-8557-43EC-9C1F-8B084E444FED}
		{1B2C7EFB-82E5-4534-82C5-38123810389D} = {26DD59E3-8557-43EC-9C1F-8B084E444FED}
	EndGlobalSection
	GlobalSection(ExtensibilityGlobals) = postSolution
		SolutionGuid = {3AAE550A-7B47-4F8F-9B2F-68BD9DEC7388}
	EndGlobalSection
EndGlobal
